
Microsoft Visual Studio Solution File, Format Version 12.00
# Visual Studio 15
VisualStudioVersion = 15.0.26430.14
MinimumVisualStudioVersion = 10.0.40219.1
Project("{FAE04EC0-301F-11D3-BF4B-00C04F79EFBC}") = "DioKftSite", "DioKftSite\DioKftSite.csproj", "{4F2C5103-FCA4-4595-B100-9300D51E0185}"
EndProject
Project("{FAE04EC0-301F-11D3-BF4B-00C04F79EFBC}") = "DataAccessLayer", "DataAccessLayer\DataAccessLayer.csproj", "{D5FA7815-2B8F-41A2-9521-75202031169F}"
EndProject
Project("{FAE04EC0-301F-11D3-BF4B-00C04F79EFBC}") = "DatabaseTester", "DatabaseTester\DatabaseTester.csproj", "{D3D69C44-48D4-401B-A8EB-CDCDC73F6154}"
EndProject
Project("{FAE04EC0-301F-11D3-BF4B-00C04F79EFBC}") = "ProductImporter", "ProductImporter\ProductImporter.csproj", "{D29AD2D6-7EDD-483C-92F6-08E060A8D90C}"
EndProject
Project("{FAE04EC0-301F-11D3-BF4B-00C04F79EFBC}") = "Resources", "Resources\Resources.csproj", "{D606BB70-7C88-4DB8-9423-5BADA069038C}"
EndProject
Global
	GlobalSection(SolutionConfigurationPlatforms) = preSolution
		Debug|Any CPU = Debug|Any CPU
		Release|Any CPU = Release|Any CPU
	EndGlobalSection
	GlobalSection(ProjectConfigurationPlatforms) = postSolution
		{4F2C5103-FCA4-4595-B100-9300D51E0185}.Debug|Any CPU.ActiveCfg = Debug|Any CPU
		{4F2C5103-FCA4-4595-B100-9300D51E0185}.Debug|Any CPU.Build.0 = Debug|Any CPU
		{4F2C5103-FCA4-4595-B100-9300D51E0185}.Release|Any CPU.ActiveCfg = Release|Any CPU
		{4F2C5103-FCA4-4595-B100-9300D51E0185}.Release|Any CPU.Build.0 = Release|Any CPU
		{D5FA7815-2B8F-41A2-9521-75202031169F}.Debug|Any CPU.ActiveCfg = Debug|Any CPU
		{D5FA7815-2B8F-41A2-9521-75202031169F}.Debug|Any CPU.Build.0 = Debug|Any CPU
		{D5FA7815-2B8F-41A2-9521-75202031169F}.Release|Any CPU.ActiveCfg = Release|Any CPU
		{D5FA7815-2B8F-41A2-9521-75202031169F}.Release|Any CPU.Build.0 = Release|Any CPU
		{D3D69C44-48D4-401B-A8EB-CDCDC73F6154}.Debug|Any CPU.ActiveCfg = Debug|Any CPU
		{D3D69C44-48D4-401B-A8EB-CDCDC73F6154}.Debug|Any CPU.Build.0 = Debug|Any CPU
		{D3D69C44-48D4-401B-A8EB-CDCDC73F6154}.Release|Any CPU.ActiveCfg = Release|Any CPU
		{D3D69C44-48D4-401B-A8EB-CDCDC73F6154}.Release|Any CPU.Build.0 = Release|Any CPU
		{D29AD2D6-7EDD-483C-92F6-08E060A8D90C}.Debug|Any CPU.ActiveCfg = Debug|Any CPU
		{D29AD2D6-7EDD-483C-92F6-08E060A8D90C}.Debug|Any CPU.Build.0 = Debug|Any CPU
		{D29AD2D6-7EDD-483C-92F6-08E060A8D90C}.Release|Any CPU.ActiveCfg = Release|Any CPU
		{D29AD2D6-7EDD-483C-92F6-08E060A8D90C}.Release|Any CPU.Build.0 = Release|Any CPU
		{D606BB70-7C88-4DB8-9423-5BADA069038C}.Debug|Any CPU.ActiveCfg = Debug|Any CPU
		{D606BB70-7C88-4DB8-9423-5BADA069038C}.Debug|Any CPU.Build.0 = Debug|Any CPU
		{D606BB70-7C88-4DB8-9423-5BADA069038C}.Release|Any CPU.ActiveCfg = Release|Any CPU
		{D606BB70-7C88-4DB8-9423-5BADA069038C}.Release|Any CPU.Build.0 = Release|Any CPU
	EndGlobalSection
	GlobalSection(SolutionProperties) = preSolution
		HideSolutionNode = FALSE
	EndGlobalSection
EndGlobal
